
Microsoft Visual Studio Solution File, Format Version 12.00
# Visual Studio Version 17
VisualStudioVersion = 17.7.34031.279
MinimumVisualStudioVersion = 10.0.40219.1
Project("{9A19103F-16F7-4668-BE54-9A1E7A4F7556}") = "CheckpointBlog", "CheckpointBlog.csproj", "{502A3168-9FB2-4B25-8E10-9192756A49E9}"
EndProject
Global
	GlobalSection(SolutionConfigurationPlatforms) = preSolution
		Debug|Any CPU = Debug|Any CPU
		Release|Any CPU = Release|Any CPU
	EndGlobalSection
	GlobalSection(ProjectConfigurationPlatforms) = postSolution
		{502A3168-9FB2-4B25-8E10-9192756A49E9}.Debug|Any CPU.ActiveCfg = Debug|Any CPU
		{502A3168-9FB2-4B25-8E10-9192756A49E9}.Debug|Any CPU.Build.0 = Debug|Any CPU
		{502A3168-9FB2-4B25-8E10-9192756A49E9}.Release|Any CPU.ActiveCfg = Release|Any CPU
		{502A3168-9FB2-4B25-8E10-9192756A49E9}.Release|Any CPU.Build.0 = Release|Any CPU
	EndGlobalSection
	GlobalSection(SolutionProperties) = preSolution
		HideSolutionNode = FALSE
	EndGlobalSection
	GlobalSection(ExtensibilityGlobals) = postSolution
		SolutionGuid = {080A75E0-1210-48FD-BC6A-B322107668C8}
	EndGlobalSection
EndGlobal
